
Microsoft Visual Studio Solution File, Format Version 12.00
# Visual Studio Version 16
VisualStudioVersion = 16.0.31005.135
MinimumVisualStudioVersion = 10.0.40219.1
Project("{FAE04EC0-301F-11D3-BF4B-00C04F79EFBC}") = "Projeto Sistema de Banco", "Projeto Sistema de Banco\Projeto Sistema de Banco.csproj", "{4A78AB3A-84CA-4282-8B76-6AE41133E359}"
EndProject
Global
	GlobalSection(SolutionConfigurationPlatforms) = preSolution
		Debug|Any CPU = Debug|Any CPU
		Release|Any CPU = Release|Any CPU
	EndGlobalSection
	GlobalSection(ProjectConfigurationPlatforms) = postSolution
		{4A78AB3A-84CA-4282-8B76-6AE41133E359}.Debug|Any CPU.ActiveCfg = Debug|Any CPU
		{4A78AB3A-84CA-4282-8B76-6AE41133E359}.Debug|Any CPU.Build.0 = Debug|Any CPU
		{4A78AB3A-84CA-4282-8B76-6AE41133E359}.Release|Any CPU.ActiveCfg = Release|Any CPU
		{4A78AB3A-84CA-4282-8B76-6AE41133E359}.Release|Any CPU.Build.0 = Release|Any CPU
	EndGlobalSection
	GlobalSection(SolutionProperties) = preSolution
		HideSolutionNode = FALSE
	EndGlobalSection
	GlobalSection(ExtensibilityGlobals) = postSolution
		SolutionGuid = {8A310B36-770E-4A38-96C3-242A37801360}
	EndGlobalSection
EndGlobal
